
Microsoft Visual Studio Solution File, Format Version 12.00
# Visual Studio 15
VisualStudioVersion = 15.0.28307.168
MinimumVisualStudioVersion = 10.0.40219.1
Project("{FAE04EC0-301F-11D3-BF4B-00C04F79EFBC}") = "SayiTahminOyunu", "SayiTahminOyunu\SayiTahminOyunu.csproj", "{AC09B658-1C38-4E6F-9C8C-6B465E714E9B}"
EndProject
Global
	GlobalSection(SolutionConfigurationPlatforms) = preSolution
		Debug|Any CPU = Debug|Any CPU
		Debug|x86 = Debug|x86
		Release|Any CPU = Release|Any CPU
		Release|x86 = Release|x86
	EndGlobalSection
	GlobalSection(ProjectConfigurationPlatforms) = postSolution
		{AC09B658-1C38-4E6F-9C8C-6B465E714E9B}.Debug|Any CPU.ActiveCfg = Debug|Any CPU
		{AC09B658-1C38-4E6F-9C8C-6B465E714E9B}.Debug|Any CPU.Build.0 = Debug|Any CPU
		{AC09B658-1C38-4E6F-9C8C-6B465E714E9B}.Debug|x86.ActiveCfg = Debug|Any CPU
		{AC09B658-1C38-4E6F-9C8C-6B465E714E9B}.Debug|x86.Build.0 = Debug|Any CPU
		{AC09B658-1C38-4E6F-9C8C-6B465E714E9B}.Release|Any CPU.ActiveCfg = Release|Any CPU
		{AC09B658-1C38-4E6F-9C8C-6B465E714E9B}.Release|Any CPU.Build.0 = Release|Any CPU
		{AC09B658-1C38-4E6F-9C8C-6B465E714E9B}.Release|x86.ActiveCfg = Release|Any CPU
		{AC09B658-1C38-4E6F-9C8C-6B465E714E9B}.Release|x86.Build.0 = Release|Any CPU
	EndGlobalSection
	GlobalSection(SolutionProperties) = preSolution
		HideSolutionNode = FALSE
	EndGlobalSection
	GlobalSection(ExtensibilityGlobals) = postSolution
		SolutionGuid = {645D7993-EFE1-4E4F-B806-ACABBF33A147}
	EndGlobalSection
EndGlobal
